
Microsoft Visual Studio Solution File, Format Version 12.00
# Visual Studio Version 16
VisualStudioVersion = 16.0.30717.126
MinimumVisualStudioVersion = 10.0.40219.1
Project("{FAE04EC0-301F-11D3-BF4B-00C04F79EFBC}") = "ArduinoOBSReceiver", "ArduinoOBSReceiver\ArduinoOBSReceiver.csproj", "{FC589237-557E-4A78-998B-8496B22962EC}"
EndProject
Global
	GlobalSection(SolutionConfigurationPlatforms) = preSolution
		Debug|Any CPU = Debug|Any CPU
		Release|Any CPU = Release|Any CPU
	EndGlobalSection
	GlobalSection(ProjectConfigurationPlatforms) = postSolution
		{FC589237-557E-4A78-998B-8496B22962EC}.Debug|Any CPU.ActiveCfg = Debug|Any CPU
		{FC589237-557E-4A78-998B-8496B22962EC}.Debug|Any CPU.Build.0 = Debug|Any CPU
		{FC589237-557E-4A78-998B-8496B22962EC}.Release|Any CPU.ActiveCfg = Release|Any CPU
		{FC589237-557E-4A78-998B-8496B22962EC}.Release|Any CPU.Build.0 = Release|Any CPU
	EndGlobalSection
	GlobalSection(SolutionProperties) = preSolution
		HideSolutionNode = FALSE
	EndGlobalSection
	GlobalSection(ExtensibilityGlobals) = postSolution
		SolutionGuid = {73B89B66-B4B1-44F5-AA1B-5D22EC1F8D7F}
	EndGlobalSection
EndGlobal
